{
  "version": 4,
  "terraform_version": "0.12.24",
  "serial": 1,
  "lineage": "b0e0084b-1a6e-96fb-d6c8-cf79f0c55062",
  "outputs": {},
  "resources": [
    {
      "mode": "managed",
      "type": "random_pet",
      "name": "suffix",
      "provider": "provider.random",
      "instances": [
        {
          "schema_version": 0,
          "attributes": {
            "id": "handy-warthog",
            "keepers": null,
            "length": 2,
            "prefix": null,
            "separator": "-"
          },
          "private": "bnVsbA=="
        }
      ]
    }
  ]
}
